Microsoft Visual Studio Solution File, Format Version 12.00
# Visual Studio Version 17
VisualStudioVersion = 17.5.2.0
MinimumVisualStudioVersion = 10.0.40219.1
Project("{FAE04EC0-301F-11D3-BF4B-00C04F79EFBC}") = "beesly", "beesly.csproj", "{A976AEE7-ADFF-8E86-8E72-6BC2CFD78E43}"
EndProject
Global
	GlobalSection(SolutionConfigurationPlatforms) = preSolution
		Debug|Any CPU = Debug|Any CPU
		Release|Any CPU = Release|Any CPU
	EndGlobalSection
	GlobalSection(ProjectConfigurationPlatforms) = postSolution
		{A976AEE7-ADFF-8E86-8E72-6BC2CFD78E43}.Debug|Any CPU.ActiveCfg = Debug|Any CPU
		{A976AEE7-ADFF-8E86-8E72-6BC2CFD78E43}.Debug|Any CPU.Build.0 = Debug|Any CPU
		{A976AEE7-ADFF-8E86-8E72-6BC2CFD78E43}.Release|Any CPU.ActiveCfg = Release|Any CPU
		{A976AEE7-ADFF-8E86-8E72-6BC2CFD78E43}.Release|Any CPU.Build.0 = Release|Any CPU
	EndGlobalSection
	GlobalSection(SolutionProperties) = preSolution
		HideSolutionNode = FALSE
	EndGlobalSection
	GlobalSection(ExtensibilityGlobals) = postSolution
		SolutionGuid = {0728E909-BA0E-4EFA-8AD3-934FB29B719F}
	EndGlobalSection
EndGlobal
